{
  "requires": true,
  "lockfileVersion": 1,
  "dependencies": {
    "@types/chrome": {
      "version": "0.0.163",
      "resolved": "https://registry.npmjs.org/@types/chrome/-/chrome-0.0.163.tgz",
      "integrity": "sha512-g+3E2tg/ukFsEgH+tB3a/b+J1VSvq/8gh2Jwih9eq+T3Idrz7ngj97u+/ya58Bfei2TQtPlRivj1FsCaSnukDA==",
      "dev": true,
      "requires": {
        "@types/filesystem": "*",
        "@types/har-format": "*"
      }
    },
    "@types/filesystem": {
      "version": "0.0.32",
      "resolved": "https://registry.npmjs.org/@types/filesystem/-/filesystem-0.0.32.tgz",
      "integrity": "sha512-Yuf4jR5YYMR2DVgwuCiP11s0xuVRyPKmz8vo6HBY3CGdeMj8af93CFZX+T82+VD1+UqHOxTq31lO7MI7lepBtQ==",
      "dev": true,
      "requires": {
        "@types/filewriter": "*"
      }
    },
    "@types/filewriter": {
      "version": "0.0.29",
      "resolved": "https://registry.npmjs.org/@types/filewriter/-/filewriter-0.0.29.tgz",
      "integrity": "sha512-BsPXH/irW0ht0Ji6iw/jJaK8Lj3FJemon2gvEqHKpCdDCeemHa+rI3WBGq5z7cDMZgoLjY40oninGxqk+8NzNQ==",
      "dev": true
    },
    "@types/har-format": {
      "version": "1.2.8",
      "resolved": "https://registry.npmjs.org/@types/har-format/-/har-format-1.2.8.tgz",
      "integrity": "sha512-OP6L9VuZNdskgNN3zFQQ54ceYD8OLq5IbqO4VK91ORLfOm7WdT/CiT/pHEBSQEqCInJ2y3O6iCm/zGtPElpgJQ==",
      "dev": true
    },
    "typescript": {
      "version": "4.4.4",
      "resolved": "https://registry.npmjs.org/typescript/-/typescript-4.4.4.tgz",
      "integrity": "sha512-DqGhF5IKoBl8WNf8C1gu8q0xZSInh9j1kJJMqT3a94w1JzVaBU4EXOSMrz9yDqMT0xt3selp83fuFMQ0uzv6qA==",
      "dev": true
    }
  }
}
